
Microsoft Visual Studio Solution File, Format Version 12.00
# Visual Studio 15
VisualStudioVersion = 15.0.28010.2041
MinimumVisualStudioVersion = 10.0.40219.1
Project("{FAE04EC0-301F-11D3-BF4B-00C04F79EFBC}") = "FrmVoidVoucher", "FrmVoidVoucher\FrmVoidVoucher.csproj", "{F28B1268-2A20-46D5-B647-67558AEF7C0D}"
EndProject
Global
	GlobalSection(SolutionConfigurationPlatforms) = preSolution
		Debug|Any CPU = Debug|Any CPU
		Release|Any CPU = Release|Any CPU
	EndGlobalSection
	GlobalSection(ProjectConfigurationPlatforms) = postSolution
		{F28B1268-2A20-46D5-B647-67558AEF7C0D}.Debug|Any CPU.ActiveCfg = Debug|Any CPU
		{F28B1268-2A20-46D5-B647-67558AEF7C0D}.Debug|Any CPU.Build.0 = Debug|Any CPU
		{F28B1268-2A20-46D5-B647-67558AEF7C0D}.Release|Any CPU.ActiveCfg = Release|Any CPU
		{F28B1268-2A20-46D5-B647-67558AEF7C0D}.Release|Any CPU.Build.0 = Release|Any CPU
	EndGlobalSection
	GlobalSection(SolutionProperties) = preSolution
		HideSolutionNode = FALSE
	EndGlobalSection
	GlobalSection(ExtensibilityGlobals) = postSolution
		SolutionGuid = {DF4C66EC-1773-42F0-AE5D-F0D71CB8573D}
	EndGlobalSection
EndGlobal
